
Microsoft Visual Studio Solution File, Format Version 12.00
# Visual Studio Version 17
VisualStudioVersion = 17.4.33122.133
MinimumVisualStudioVersion = 10.0.40219.1
Project("{9A19103F-16F7-4668-BE54-9A1E7A4F7556}") = "Teste.HandsOn.API", "Teste.HandsOn.API\Teste.HandsOn.API.csproj", "{5AFD0E6B-F39F-4DB7-898B-06E40BF64319}"
EndProject
Project("{FAE04EC0-301F-11D3-BF4B-00C04F79EFBC}") = "Teste.HandsOn.Infra", "Teste.HandsOn.Infra\Teste.HandsOn.Infra.csproj", "{53A4D49F-8566-48F8-A1BB-714685835890}"
EndProject
Global
	GlobalSection(SolutionConfigurationPlatforms) = preSolution
		Debug|Any CPU = Debug|Any CPU
		Release|Any CPU = Release|Any CPU
	EndGlobalSection
	GlobalSection(ProjectConfigurationPlatforms) = postSolution
		{5AFD0E6B-F39F-4DB7-898B-06E40BF64319}.Debug|Any CPU.ActiveCfg = Debug|Any CPU
		{5AFD0E6B-F39F-4DB7-898B-06E40BF64319}.Debug|Any CPU.Build.0 = Debug|Any CPU
		{5AFD0E6B-F39F-4DB7-898B-06E40BF64319}.Release|Any CPU.ActiveCfg = Release|Any CPU
		{5AFD0E6B-F39F-4DB7-898B-06E40BF64319}.Release|Any CPU.Build.0 = Release|Any CPU
		{53A4D49F-8566-48F8-A1BB-714685835890}.Debug|Any CPU.ActiveCfg = Debug|Any CPU
		{53A4D49F-8566-48F8-A1BB-714685835890}.Debug|Any CPU.Build.0 = Debug|Any CPU
		{53A4D49F-8566-48F8-A1BB-714685835890}.Release|Any CPU.ActiveCfg = Release|Any CPU
		{53A4D49F-8566-48F8-A1BB-714685835890}.Release|Any CPU.Build.0 = Release|Any CPU
	EndGlobalSection
	GlobalSection(SolutionProperties) = preSolution
		HideSolutionNode = FALSE
	EndGlobalSection
	GlobalSection(ExtensibilityGlobals) = postSolution
		SolutionGuid = {6E3D9A90-504C-4505-B1B5-444D576F74DE}
	EndGlobalSection
EndGlobal
